
Microsoft Visual Studio Solution File, Format Version 12.00
# Visual Studio Version 16
VisualStudioVersion = 16.0.28822.285
MinimumVisualStudioVersion = 10.0.40219.1
Project("{FAE04EC0-301F-11D3-BF4B-00C04F79EFBC}") = "AssignmentProject", "AssignmentProject.csproj", "{8A44C2EE-57B3-439D-9D77-498ADC9A3CE5}"
EndProject
Global
	GlobalSection(SolutionConfigurationPlatforms) = preSolution
		Debug|Any CPU = Debug|Any CPU
		Release|Any CPU = Release|Any CPU
	EndGlobalSection
	GlobalSection(ProjectConfigurationPlatforms) = postSolution
		{8A44C2EE-57B3-439D-9D77-498ADC9A3CE5}.Debug|Any CPU.ActiveCfg = Debug|Any CPU
		{8A44C2EE-57B3-439D-9D77-498ADC9A3CE5}.Debug|Any CPU.Build.0 = Debug|Any CPU
		{8A44C2EE-57B3-439D-9D77-498ADC9A3CE5}.Release|Any CPU.ActiveCfg = Release|Any CPU
		{8A44C2EE-57B3-439D-9D77-498ADC9A3CE5}.Release|Any CPU.Build.0 = Release|Any CPU
	EndGlobalSection
	GlobalSection(SolutionProperties) = preSolution
		HideSolutionNode = FALSE
	EndGlobalSection
	GlobalSection(ExtensibilityGlobals) = postSolution
		SolutionGuid = {5AD8A220-1DBA-40FB-98F6-0496A873E525}
	EndGlobalSection
EndGlobal
